
Microsoft Visual Studio Solution File, Format Version 12.00
# Visual Studio Version 17
VisualStudioVersion = 17.0.32112.339
MinimumVisualStudioVersion = 10.0.40219.1
Project("{FAE04EC0-301F-11D3-BF4B-00C04F79EFBC}") = "ScreenSaverDemo", "ScreenSaverDemo\ScreenSaverDemo.csproj", "{0F7A7F0B-C18D-4812-8385-5BF1D0228913}"
EndProject
Global
	GlobalSection(SolutionConfigurationPlatforms) = preSolution
		Debug|Any CPU = Debug|Any CPU
		Release|Any CPU = Release|Any CPU
	EndGlobalSection
	GlobalSection(ProjectConfigurationPlatforms) = postSolution
		{0F7A7F0B-C18D-4812-8385-5BF1D0228913}.Debug|Any CPU.ActiveCfg = Debug|Any CPU
		{0F7A7F0B-C18D-4812-8385-5BF1D0228913}.Debug|Any CPU.Build.0 = Debug|Any CPU
		{0F7A7F0B-C18D-4812-8385-5BF1D0228913}.Release|Any CPU.ActiveCfg = Release|Any CPU
		{0F7A7F0B-C18D-4812-8385-5BF1D0228913}.Release|Any CPU.Build.0 = Release|Any CPU
	EndGlobalSection
	GlobalSection(SolutionProperties) = preSolution
		HideSolutionNode = FALSE
	EndGlobalSection
	GlobalSection(ExtensibilityGlobals) = postSolution
		SolutionGuid = {DB35C180-8A5B-4669-9F5C-FCEFE8E2AF2D}
	EndGlobalSection
EndGlobal
